
Microsoft Visual Studio Solution File, Format Version 12.00
# Visual Studio Version 17
VisualStudioVersion = 17.4.33110.190
MinimumVisualStudioVersion = 10.0.40219.1
Project("{FAE04EC0-301F-11D3-BF4B-00C04F79EFBC}") = "FirstProject", "FirstProject\FirstProject.csproj", "{1662BD22-B30C-4CD2-8C02-5ABD38177C1E}"
EndProject
Project("{FAE04EC0-301F-11D3-BF4B-00C04F79EFBC}") = "Variables", "Variables\Variables.csproj", "{ECA1400C-91AC-4E40-9FBE-3A0F7AB21920}"
EndProject
Project("{FAE04EC0-301F-11D3-BF4B-00C04F79EFBC}") = "Methods", "Methods\Methods.csproj", "{686DE4A8-75D2-49BB-BE34-C0F1FF0B3615}"
EndProject
Global
	GlobalSection(SolutionConfigurationPlatforms) = preSolution
		Debug|Any CPU = Debug|Any CPU
		Release|Any CPU = Release|Any CPU
	EndGlobalSection
	GlobalSection(ProjectConfigurationPlatforms) = postSolution
		{1662BD22-B30C-4CD2-8C02-5ABD38177C1E}.Debug|Any CPU.ActiveCfg = Debug|Any CPU
		{1662BD22-B30C-4CD2-8C02-5ABD38177C1E}.Debug|Any CPU.Build.0 = Debug|Any CPU
		{1662BD22-B30C-4CD2-8C02-5ABD38177C1E}.Release|Any CPU.ActiveCfg = Release|Any CPU
		{1662BD22-B30C-4CD2-8C02-5ABD38177C1E}.Release|Any CPU.Build.0 = Release|Any CPU
		{ECA1400C-91AC-4E40-9FBE-3A0F7AB21920}.Debug|Any CPU.ActiveCfg = Debug|Any CPU
		{ECA1400C-91AC-4E40-9FBE-3A0F7AB21920}.Debug|Any CPU.Build.0 = Debug|Any CPU
		{ECA1400C-91AC-4E40-9FBE-3A0F7AB21920}.Release|Any CPU.ActiveCfg = Release|Any CPU
		{ECA1400C-91AC-4E40-9FBE-3A0F7AB21920}.Release|Any CPU.Build.0 = Release|Any CPU
		{686DE4A8-75D2-49BB-BE34-C0F1FF0B3615}.Debug|Any CPU.ActiveCfg = Debug|Any CPU
		{686DE4A8-75D2-49BB-BE34-C0F1FF0B3615}.Debug|Any CPU.Build.0 = Debug|Any CPU
		{686DE4A8-75D2-49BB-BE34-C0F1FF0B3615}.Release|Any CPU.ActiveCfg = Release|Any CPU
		{686DE4A8-75D2-49BB-BE34-C0F1FF0B3615}.Release|Any CPU.Build.0 = Release|Any CPU
	EndGlobalSection
	GlobalSection(SolutionProperties) = preSolution
		HideSolutionNode = FALSE
	EndGlobalSection
	GlobalSection(ExtensibilityGlobals) = postSolution
		SolutionGuid = {C16C22DC-0B3B-4EBD-83A5-E51713162400}
	EndGlobalSection
EndGlobal
